{
  "name": "mgmt-dashboard-frontend",
  "lockfileVersion": 2,
  "requires": true,
  "packages": {
    "": {
      "dependencies": {
        "@patternfly/patternfly": "^5.2.1"
      }
    },
    "node_modules/@patternfly/patternfly": {
      "version": "5.2.1",
      "resolved": "https://registry.npmjs.org/@patternfly/patternfly/-/patternfly-5.2.1.tgz",
      "integrity": "sha512-n5xFjyj1J4eIFZ7XeU6K44POKRAuDlO5yALPbn084y+jPy1j861AaQ+zIUbzCi4IzBlHrvoXVKij7p1zy7Ditg=="
    }
  },
  "dependencies": {
    "@patternfly/patternfly": {
      "version": "5.2.1",
      "resolved": "https://registry.npmjs.org/@patternfly/patternfly/-/patternfly-5.2.1.tgz",
      "integrity": "sha512-n5xFjyj1J4eIFZ7XeU6K44POKRAuDlO5yALPbn084y+jPy1j861AaQ+zIUbzCi4IzBlHrvoXVKij7p1zy7Ditg=="
    }
  }
}
